# This file is automatically @generated by Cargo.
# It is not intended for manual editing.
version = 4

[[package]]
name = "create"
version = "0.1.0"
source = "registry+https://github.com/rust-lang/crates.io-index"
checksum = "36492536271b001f4e859cd482299631eae7d70557495c2967ffea4be228e532"

[[package]]
name = "random"
version = "0.14.0"
source = "registry+https://github.com/rust-lang/crates.io-index"
checksum = "61c7093a82705b48f10d4b165c6482dbe9f58cd63a870d85537e857b2badbd88"

[[package]]
name = "restaurant"
version = "0.1.0"
dependencies = [
 "create",
 "vector",
]

[[package]]
name = "vector"
version = "0.4.1"
source = "registry+https://github.com/rust-lang/crates.io-index"
checksum = "280be990562443e0cb0ddc1ef2893fc2f4ff8ce0a2805a2dd42826f13e8eafd0"
dependencies = [
 "random",
]
